
Microsoft Visual Studio Solution File, Format Version 12.00
# Visual Studio Version 16
VisualStudioVersion = 16.0.29424.173
MinimumVisualStudioVersion = 10.0.40219.1
Project("{9A19103F-16F7-4668-BE54-9A1E7A4F7556}") = "MLG360", "MLG360.csproj", "{40ED6467-77F3-4770-B9F3-272FE7C246B9}"
EndProject
Global
	GlobalSection(SolutionConfigurationPlatforms) = preSolution
		Debug|Any CPU = Debug|Any CPU
		Release|Any CPU = Release|Any CPU
	EndGlobalSection
	GlobalSection(ProjectConfigurationPlatforms) = postSolution
		{40ED6467-77F3-4770-B9F3-272FE7C246B9}.Debug|Any CPU.ActiveCfg = Debug|Any CPU
		{40ED6467-77F3-4770-B9F3-272FE7C246B9}.Debug|Any CPU.Build.0 = Debug|Any CPU
		{40ED6467-77F3-4770-B9F3-272FE7C246B9}.Release|Any CPU.ActiveCfg = Release|Any CPU
		{40ED6467-77F3-4770-B9F3-272FE7C246B9}.Release|Any CPU.Build.0 = Release|Any CPU
	EndGlobalSection
	GlobalSection(SolutionProperties) = preSolution
		HideSolutionNode = FALSE
	EndGlobalSection
	GlobalSection(ExtensibilityGlobals) = postSolution
		SolutionGuid = {3461BD34-F4D9-48F5-A37A-5645A1513708}
	EndGlobalSection
EndGlobal
